<?xml version="1.0" encoding="utf-8"?>
<Project ToolsVersion="4.0" xmlns="http://schemas.microsoft.com/developer/msbuild/2003">
  <ItemGroup>
    <Filter Include="Source Files">
      <UniqueIdentifier>{4FC737F1-C7A5-4376-A066-2A32D752A2FF}</UniqueIdentifier>
      <Extensions>cpp;c;cc;cxx;c++;cppm;ixx;def;odl;idl;hpj;bat;asm;asmx</Extensions>
    </Filter>
    <Filter Include="Header Files">
      <UniqueIdentifier>{93995380-89BD-4b04-88EB-625FBE52EBFB}</UniqueIdentifier>
      <Extensions>h;hh;hpp;hxx;h++;hm;inl;inc;ipp;xsd</Extensions>
    </Filter>
    <Filter Include="Resource Files">
      <UniqueIdentifier>{67DA6AB6-F800-4c08-8B7A-83BB121AAD01}</UniqueIdentifier>
      <Extensions>rc;ico;cur;bmp;dlg;rc2;rct;bin;rgs;gif;jpg;jpeg;jpe;resx;tiff;tif;png;wav;mfcribbon-ms</Extensions>
    </Filter>
    <Filter Include="Header Files\view">
      <UniqueIdentifier>{8c4ba6ea-66ae-42e9-a4b6-ad2a8215ba1f}</UniqueIdentifier>
    </Filter>
    <Filter Include="Source Files\view">
      <UniqueIdentifier>{571f9dda-2e0c-4cde-b26c-a4b71d3f3fad}</UniqueIdentifier>
    </Filter>
    <Filter Include="Header Files\model">
      <UniqueIdentifier>{a25d97d0-21eb-487a-9db6-e7966c14d86a}</UniqueIdentifier>
    </Filter>
    <Filter Include="Header Files\controller">
      <UniqueIdentifier>{b7991159-049b-47c2-b962-e075ab35ddaa}</UniqueIdentifier>
    </Filter>
    <Filter Include="Source Files\controller">
      <UniqueIdentifier>{c688ea2b-0995-44c3-a307-a432a269ce33}</UniqueIdentifier>
    </Filter>
    <Filter Include="Source Files\model">
      <UniqueIdentifier>{4e3f6bca-7ca1-4d8b-b6b8-2be6527b202b}</UniqueIdentifier>
    </Filter>
    <Filter Include="Header Files\service">
      <UniqueIdentifier>{0b28f3a6-e03b-4690-ad43-62938677501a}</UniqueIdentifier>
    </Filter>
    <Filter Include="Source Files\service">
      <UniqueIdentifier>{0d25e888-199e-43f5-92cc-49ae809e78d7}</UniqueIdentifier>
    </Filter>
  </ItemGroup>
  <ItemGroup>
    <ResourceCompile Include="WindowQuotePro.rc">
      <Filter>Resource Files</Filter>
    </ResourceCompile>
  </ItemGroup>
  <ItemGroup>
    <Image Include="WindowQuotePro.ico">
      <Filter>Resource Files</Filter>
    </Image>
    <Image Include="small.ico">
      <Filter>Resource Files</Filter>
    </Image>
    <Image Include="icon1.ico">
      <Filter>Resource Files</Filter>
    </Image>
  </ItemGroup>
  <ItemGroup>
    <ClInclude Include="header\framework.h">
      <Filter>Header Files</Filter>
    </ClInclude>
    <ClInclude Include="header\WindowQuotePro.h">
      <Filter>Header Files</Filter>
    </ClInclude>
    <ClInclude Include="header\view\ViewCreateQuote.h">
      <Filter>Header Files\view</Filter>
    </ClInclude>
    <ClInclude Include="header\model\Quote.h">
      <Filter>Header Files\model</Filter>
    </ClInclude>
    <ClInclude Include="header\model\Door.h">
      <Filter>Header Files\model</Filter>
    </ClInclude>
    <ClInclude Include="header\model\DataPersistence.h">
      <Filter>Header Files\model</Filter>
    </ClInclude>
    <ClInclude Include="header\controller\Controller.h">
      <Filter>Header Files\controller</Filter>
    </ClInclude>
    <ClInclude Include="header\view\ViewDisplayQuotes.h">
      <Filter>Header Files\view</Filter>
    </ClInclude>
    <ClInclude Include="header\view\ViewManager.h">
      <Filter>Header Files\view</Filter>
    </ClInclude>
    <ClInclude Include="header\service\Pricer.h">
      <Filter>Header Files\service</Filter>
    </ClInclude>
    <ClInclude Include="header\resource.h">
      <Filter>Header Files</Filter>
    </ClInclude>
    <ClInclude Include="header\targetver.h">
      <Filter>Header Files</Filter>
    </ClInclude>
    <ClInclude Include="header\service\Logger.h">
      <Filter>Header Files\service</Filter>
    </ClInclude>
  </ItemGroup>
  <ItemGroup>
    <ClCompile Include="source\WindowQuotePro.cpp">
      <Filter>Source Files</Filter>
    </ClCompile>
    <ClCompile Include="source\controller\Controller.cpp">
      <Filter>Source Files\controller</Filter>
    </ClCompile>
    <ClCompile Include="source\model\DataPersistence.cpp">
      <Filter>Source Files\model</Filter>
    </ClCompile>
    <ClCompile Include="source\view\ViewCreateQuote.cpp">
      <Filter>Source Files\view</Filter>
    </ClCompile>
    <ClCompile Include="source\view\ViewManager.cpp">
      <Filter>Source Files\view</Filter>
    </ClCompile>
    <ClCompile Include="source\model\Door.cpp">
      <Filter>Source Files\model</Filter>
    </ClCompile>
    <ClCompile Include="source\service\Pricer.cpp">
      <Filter>Source Files\service</Filter>
    </ClCompile>
    <ClCompile Include="source\view\ViewDisplayQuotes.cpp">
      <Filter>Source Files\view</Filter>
    </ClCompile>
    <ClCompile Include="source\service\Logger.cpp">
      <Filter>Source Files\service</Filter>
    </ClCompile>
    <ClCompile Include="source\model\Quote.cpp">
      <Filter>Source Files\model</Filter>
    </ClCompile>
  </ItemGroup>
</Project>